
Microsoft Visual Studio Solution File, Format Version 12.00
# Visual Studio Version 17
VisualStudioVersion = 17.10.35027.167
MinimumVisualStudioVersion = 10.0.40219.1
Project("{9A19103F-16F7-4668-BE54-9A1E7A4F7556}") = "TradeWeb.API", "TradeWeb.API\TradeWeb.API.csproj", "{5CD9FE09-DB0E-48B4-879A-E7137DCCA349}"
EndProject
Project("{FAE04EC0-301F-11D3-BF4B-00C04F79EFBC}") = "TradeWeb.Tests", "TradeWeb.Tests\TradeWeb.Tests.csproj", "{758B18B1-F5BA-4A30-99CB-1FCC02FCFB3B}"
EndProject
Global
	GlobalSection(SolutionConfigurationPlatforms) = preSolution
		Debug|Any CPU = Debug|Any CPU
		Release|Any CPU = Release|Any CPU
	EndGlobalSection
	GlobalSection(ProjectConfigurationPlatforms) = postSolution
		{5CD9FE09-DB0E-48B4-879A-E7137DCCA349}.Debug|Any CPU.ActiveCfg = Debug|Any CPU
		{5CD9FE09-DB0E-48B4-879A-E7137DCCA349}.Debug|Any CPU.Build.0 = Debug|Any CPU
		{5CD9FE09-DB0E-48B4-879A-E7137DCCA349}.Release|Any CPU.ActiveCfg = Release|Any CPU
		{5CD9FE09-DB0E-48B4-879A-E7137DCCA349}.Release|Any CPU.Build.0 = Release|Any CPU
		{758B18B1-F5BA-4A30-99CB-1FCC02FCFB3B}.Debug|Any CPU.ActiveCfg = Debug|Any CPU
		{758B18B1-F5BA-4A30-99CB-1FCC02FCFB3B}.Debug|Any CPU.Build.0 = Debug|Any CPU
		{758B18B1-F5BA-4A30-99CB-1FCC02FCFB3B}.Release|Any CPU.ActiveCfg = Release|Any CPU
		{758B18B1-F5BA-4A30-99CB-1FCC02FCFB3B}.Release|Any CPU.Build.0 = Release|Any CPU
	EndGlobalSection
	GlobalSection(SolutionProperties) = preSolution
		HideSolutionNode = FALSE
	EndGlobalSection
	GlobalSection(ExtensibilityGlobals) = postSolution
		SolutionGuid = {AC6C1BE0-E76C-461D-BBA1-FCE996B9C9B9}
	EndGlobalSection
EndGlobal
